
Microsoft Visual Studio Solution File, Format Version 12.00
# Visual Studio Version 16
VisualStudioVersion = 16.0.31025.194
MinimumVisualStudioVersion = 10.0.40219.1
Project("{FAE04EC0-301F-11D3-BF4B-00C04F79EFBC}") = "LogHelper", "LogHelper\LogHelper.csproj", "{0103BCD2-C32A-43F1-9291-8FEC065894A5}"
EndProject
Global
	GlobalSection(SolutionConfigurationPlatforms) = preSolution
		Debug|Any CPU = Debug|Any CPU
		Release|Any CPU = Release|Any CPU
	EndGlobalSection
	GlobalSection(ProjectConfigurationPlatforms) = postSolution
		{0103BCD2-C32A-43F1-9291-8FEC065894A5}.Debug|Any CPU.ActiveCfg = Debug|Any CPU
		{0103BCD2-C32A-43F1-9291-8FEC065894A5}.Debug|Any CPU.Build.0 = Debug|Any CPU
		{0103BCD2-C32A-43F1-9291-8FEC065894A5}.Release|Any CPU.ActiveCfg = Release|Any CPU
		{0103BCD2-C32A-43F1-9291-8FEC065894A5}.Release|Any CPU.Build.0 = Release|Any CPU
	EndGlobalSection
	GlobalSection(SolutionProperties) = preSolution
		HideSolutionNode = FALSE
	EndGlobalSection
	GlobalSection(ExtensibilityGlobals) = postSolution
		SolutionGuid = {E02C4B3A-D845-434F-8DCD-7CECCB991A81}
	EndGlobalSection
EndGlobal
